
Microsoft Visual Studio Solution File, Format Version 12.00
# Visual Studio Version 17
VisualStudioVersion = 17.1.32407.343
MinimumVisualStudioVersion = 10.0.40219.1
Project("{FAE04EC0-301F-11D3-BF4B-00C04F79EFBC}") = "HackatonProject.Android", "HackatonProject.Android\HackatonProject.Android.csproj", "{6CABEFA8-9383-43E6-8A80-3FD587BDD899}"
EndProject
Project("{FAE04EC0-301F-11D3-BF4B-00C04F79EFBC}") = "HackatonProject.iOS", "HackatonProject.iOS\HackatonProject.iOS.csproj", "{9624F563-7743-414C-BB72-26050064FED9}"
EndProject
Project("{FAE04EC0-301F-11D3-BF4B-00C04F79EFBC}") = "HackatonProject", "HackatonProject\HackatonProject.csproj", "{A5750410-489F-485B-833E-E3DC19917767}"
EndProject
Global
	GlobalSection(SolutionConfigurationPlatforms) = preSolution
		Debug|Any CPU = Debug|Any CPU
		Debug|iPhone = Debug|iPhone
		Debug|iPhoneSimulator = Debug|iPhoneSimulator
		Release|Any CPU = Release|Any CPU
		Release|iPhone = Release|iPhone
		Release|iPhoneSimulator = Release|iPhoneSimulator
	EndGlobalSection
	GlobalSection(ProjectConfigurationPlatforms) = postSolution
		{6CABEFA8-9383-43E6-8A80-3FD587BDD899}.Debug|Any CPU.ActiveCfg = Debug|Any CPU
		{6CABEFA8-9383-43E6-8A80-3FD587BDD899}.Debug|Any CPU.Build.0 = Debug|Any CPU
		{6CABEFA8-9383-43E6-8A80-3FD587BDD899}.Debug|Any CPU.Deploy.0 = Debug|Any CPU
		{6CABEFA8-9383-43E6-8A80-3FD587BDD899}.Debug|iPhone.ActiveCfg = Debug|Any CPU
		{6CABEFA8-9383-43E6-8A80-3FD587BDD899}.Debug|iPhone.Build.0 = Debug|Any CPU
		{6CABEFA8-9383-43E6-8A80-3FD587BDD899}.Debug|iPhone.Deploy.0 = Debug|Any CPU
		{6CABEFA8-9383-43E6-8A80-3FD587BDD899}.Debug|iPhoneSimulator.ActiveCfg = Debug|Any CPU
		{6CABEFA8-9383-43E6-8A80-3FD587BDD899}.Debug|iPhoneSimulator.Build.0 = Debug|Any CPU
		{6CABEFA8-9383-43E6-8A80-3FD587BDD899}.Debug|iPhoneSimulator.Deploy.0 = Debug|Any CPU
		{6CABEFA8-9383-43E6-8A80-3FD587BDD899}.Release|Any CPU.ActiveCfg = Release|Any CPU
		{6CABEFA8-9383-43E6-8A80-3FD587BDD899}.Release|Any CPU.Build.0 = Release|Any CPU
		{6CABEFA8-9383-43E6-8A80-3FD587BDD899}.Release|Any CPU.Deploy.0 = Release|Any CPU
		{6CABEFA8-9383-43E6-8A80-3FD587BDD899}.Release|iPhone.ActiveCfg = Release|Any CPU
		{6CABEFA8-9383-43E6-8A80-3FD587BDD899}.Release|iPhone.Build.0 = Release|Any CPU
		{6CABEFA8-9383-43E6-8A80-3FD587BDD899}.Release|iPhone.Deploy.0 = Release|Any CPU
		{6CABEFA8-9383-43E6-8A80-3FD587BDD899}.Release|iPhoneSimulator.ActiveCfg = Release|Any CPU
		{6CABEFA8-9383-43E6-8A80-3FD587BDD899}.Release|iPhoneSimulator.Build.0 = Release|Any CPU
		{6CABEFA8-9383-43E6-8A80-3FD587BDD899}.Release|iPhoneSimulator.Deploy.0 = Release|Any CPU
		{9624F563-7743-414C-BB72-26050064FED9}.Debug|Any CPU.ActiveCfg = Debug|iPhone
		{9624F563-7743-414C-BB72-26050064FED9}.Debug|Any CPU.Build.0 = Debug|iPhone
		{9624F563-7743-414C-BB72-26050064FED9}.Debug|Any CPU.Deploy.0 = Debug|iPhone
		{9624F563-7743-414C-BB72-26050064FED9}.Debug|iPhone.ActiveCfg = Debug|iPhone
		{9624F563-7743-414C-BB72-26050064FED9}.Debug|iPhone.Build.0 = Debug|iPhone
		{9624F563-7743-414C-BB72-26050064FED9}.Debug|iPhone.Deploy.0 = Debug|iPhone
		{9624F563-7743-414C-BB72-26050064FED9}.Debug|iPhoneSimulator.ActiveCfg = Debug|iPhoneSimulator
		{9624F563-7743-414C-BB72-26050064FED9}.Debug|iPhoneSimulator.Build.0 = Debug|iPhoneSimulator
		{9624F563-7743-414C-BB72-26050064FED9}.Debug|iPhoneSimulator.Deploy.0 = Debug|iPhoneSimulator
		{9624F563-7743-414C-BB72-26050064FED9}.Release|Any CPU.ActiveCfg = Release|iPhoneSimulator
		{9624F563-7743-414C-BB72-26050064FED9}.Release|Any CPU.Build.0 = Release|iPhoneSimulator
		{9624F563-7743-414C-BB72-26050064FED9}.Release|Any CPU.Deploy.0 = Release|iPhoneSimulator
		{9624F563-7743-414C-BB72-26050064FED9}.Release|iPhone.ActiveCfg = Release|iPhone
		{9624F563-7743-414C-BB72-26050064FED9}.Release|iPhone.Build.0 = Release|iPhone
		{9624F563-7743-414C-BB72-26050064FED9}.Release|iPhone.Deploy.0 = Release|iPhone
		{9624F563-7743-414C-BB72-26050064FED9}.Release|iPhoneSimulator.ActiveCfg = Release|iPhoneSimulator
		{9624F563-7743-414C-BB72-26050064FED9}.Release|iPhoneSimulator.Build.0 = Release|iPhoneSimulator
		{9624F563-7743-414C-BB72-26050064FED9}.Release|iPhoneSimulator.Deploy.0 = Release|iPhoneSimulator
		{A5750410-489F-485B-833E-E3DC19917767}.Debug|Any CPU.ActiveCfg = Debug|Any CPU
		{A5750410-489F-485B-833E-E3DC19917767}.Debug|Any CPU.Build.0 = Debug|Any CPU
		{A5750410-489F-485B-833E-E3DC19917767}.Debug|Any CPU.Deploy.0 = Debug|Any CPU
		{A5750410-489F-485B-833E-E3DC19917767}.Debug|iPhone.ActiveCfg = Debug|Any CPU
		{A5750410-489F-485B-833E-E3DC19917767}.Debug|iPhone.Build.0 = Debug|Any CPU
		{A5750410-489F-485B-833E-E3DC19917767}.Debug|iPhone.Deploy.0 = Debug|Any CPU
		{A5750410-489F-485B-833E-E3DC19917767}.Debug|iPhoneSimulator.ActiveCfg = Debug|Any CPU
		{A5750410-489F-485B-833E-E3DC19917767}.Debug|iPhoneSimulator.Build.0 = Debug|Any CPU
		{A5750410-489F-485B-833E-E3DC19917767}.Debug|iPhoneSimulator.Deploy.0 = Debug|Any CPU
		{A5750410-489F-485B-833E-E3DC19917767}.Release|Any CPU.ActiveCfg = Release|Any CPU
		{A5750410-489F-485B-833E-E3DC19917767}.Release|Any CPU.Build.0 = Release|Any CPU
		{A5750410-489F-485B-833E-E3DC19917767}.Release|Any CPU.Deploy.0 = Release|Any CPU
		{A5750410-489F-485B-833E-E3DC19917767}.Release|iPhone.ActiveCfg = Release|Any CPU
		{A5750410-489F-485B-833E-E3DC19917767}.Release|iPhone.Build.0 = Release|Any CPU
		{A5750410-489F-485B-833E-E3DC19917767}.Release|iPhone.Deploy.0 = Release|Any CPU
		{A5750410-489F-485B-833E-E3DC19917767}.Release|iPhoneSimulator.ActiveCfg = Release|Any CPU
		{A5750410-489F-485B-833E-E3DC19917767}.Release|iPhoneSimulator.Build.0 = Release|Any CPU
		{A5750410-489F-485B-833E-E3DC19917767}.Release|iPhoneSimulator.Deploy.0 = Release|Any CPU
	EndGlobalSection
	GlobalSection(SolutionProperties) = preSolution
		HideSolutionNode = FALSE
	EndGlobalSection
	GlobalSection(ExtensibilityGlobals) = postSolution
		SolutionGuid = {74DC1006-1395-4497-8ACB-7946FCD0C35B}
	EndGlobalSection
EndGlobal
