
Microsoft Visual Studio Solution File, Format Version 12.00
# Visual Studio Version 17
VisualStudioVersion = 17.1.32407.343
MinimumVisualStudioVersion = 10.0.40219.1
Project("{D954291E-2A0B-460D-934E-DC6B0785DB48}") = "HackatonProject.Shared", "HackatonProject.Shared\HackatonProject.Shared.shproj", "{6279C845-92F8-4333-AB99-3D213163593C}"
EndProject
Project("{2150E333-8FDC-42A3-9474-1A3956D46DE8}") = "Platforms", "Platforms", "{85A2F946-5DD5-4A50-A7DB-0C4E3F493342}"
EndProject
Project("{FAE04EC0-301F-11D3-BF4B-00C04F79EFBC}") = "HackatonProject.Droid", "HackatonProject.Droid\HackatonProject.Droid.csproj", "{3E9396D7-1316-42B3-9FF5-10E6B15459E7}"
EndProject
Project("{FAE04EC0-301F-11D3-BF4B-00C04F79EFBC}") = "HackatonProject.iOS", "HackatonProject.iOS\HackatonProject.iOS.csproj", "{27BABAD2-B25E-4462-91ED-D9F108DE2E06}"
EndProject
Project("{FAE04EC0-301F-11D3-BF4B-00C04F79EFBC}") = "HackatonProject.UWP", "HackatonProject.UWP\HackatonProject.UWP.csproj", "{117204F9-EE13-4B63-8D00-FAEA78A10D3F}"
EndProject
Project("{FAE04EC0-301F-11D3-BF4B-00C04F79EFBC}") = "HackatonProject.Wasm", "HackatonProject.Wasm\HackatonProject.Wasm.csproj", "{CBD736F9-3E64-4146-B1A4-6B43F7798307}"
EndProject
Project("{FAE04EC0-301F-11D3-BF4B-00C04F79EFBC}") = "HackatonProject.macOS", "HackatonProject.macOS\HackatonProject.macOS.csproj", "{F20316CA-E5BA-4783-B788-77C0D3B57848}"
EndProject
Project("{FAE04EC0-301F-11D3-BF4B-00C04F79EFBC}") = "HackatonProject.Skia.Wpf.Host", "HackatonProject.Skia.Wpf.Host\HackatonProject.Skia.Wpf.Host.csproj", "{5A186E53-F8EB-408D-BC75-601BBF6CD97B}"
EndProject
Project("{FAE04EC0-301F-11D3-BF4B-00C04F79EFBC}") = "HackatonProject.Skia.Wpf", "HackatonProject.Skia.Wpf\HackatonProject.Skia.Wpf.csproj", "{521C4778-E4B9-45D4-9177-90898546396F}"
EndProject
Project("{FAE04EC0-301F-11D3-BF4B-00C04F79EFBC}") = "HackatonProject.Skia.Gtk", "HackatonProject.Skia.Gtk\HackatonProject.Skia.Gtk.csproj", "{1A3624AA-3604-49E8-BC7C-9AD27321FDC2}"
EndProject
Project("{FAE04EC0-301F-11D3-BF4B-00C04F79EFBC}") = "HackatonProject.Skia.Tizen", "HackatonProject.Skia.Tizen\HackatonProject.Skia.Tizen.csproj", "{74EAAFE9-8B9C-4665-A901-A0A56D9D6E3A}"
EndProject
Global
	GlobalSection(SharedMSBuildProjectFiles) = preSolution
		HackatonProject.Shared\HackatonProject.Shared.projitems*{117204f9-ee13-4b63-8d00-faea78a10d3f}*SharedItemsImports = 4
		HackatonProject.Shared\HackatonProject.Shared.projitems*{1a3624aa-3604-49e8-bc7c-9ad27321fdc2}*SharedItemsImports = 5
		HackatonProject.Shared\HackatonProject.Shared.projitems*{27babad2-b25e-4462-91ed-d9f108de2e06}*SharedItemsImports = 4
		HackatonProject.Shared\HackatonProject.Shared.projitems*{3e9396d7-1316-42b3-9ff5-10e6b15459e7}*SharedItemsImports = 4
		HackatonProject.Shared\HackatonProject.Shared.projitems*{521c4778-e4b9-45d4-9177-90898546396f}*SharedItemsImports = 5
		HackatonProject.Shared\HackatonProject.Shared.projitems*{6279c845-92f8-4333-ab99-3d213163593c}*SharedItemsImports = 13
		HackatonProject.Shared\HackatonProject.Shared.projitems*{74eaafe9-8b9c-4665-a901-a0a56d9d6e3a}*SharedItemsImports = 5
		HackatonProject.Shared\HackatonProject.Shared.projitems*{cbd736f9-3e64-4146-b1a4-6b43f7798307}*SharedItemsImports = 5
		HackatonProject.Shared\HackatonProject.Shared.projitems*{f20316ca-e5ba-4783-b788-77c0d3b57848}*SharedItemsImports = 4
	EndGlobalSection
	GlobalSection(SolutionConfigurationPlatforms) = preSolution
		Ad-Hoc|Any CPU = Ad-Hoc|Any CPU
		Ad-Hoc|ARM = Ad-Hoc|ARM
		Ad-Hoc|ARM64 = Ad-Hoc|ARM64
		Ad-Hoc|iPhone = Ad-Hoc|iPhone
		Ad-Hoc|iPhoneSimulator = Ad-Hoc|iPhoneSimulator
		Ad-Hoc|x64 = Ad-Hoc|x64
		Ad-Hoc|x86 = Ad-Hoc|x86
		AppStore|Any CPU = AppStore|Any CPU
		AppStore|ARM = AppStore|ARM
		AppStore|ARM64 = AppStore|ARM64
		AppStore|iPhone = AppStore|iPhone
		AppStore|iPhoneSimulator = AppStore|iPhoneSimulator
		AppStore|x64 = AppStore|x64
		AppStore|x86 = AppStore|x86
		Debug|Any CPU = Debug|Any CPU
		Debug|ARM = Debug|ARM
		Debug|ARM64 = Debug|ARM64
		Debug|iPhone = Debug|iPhone
		Debug|iPhoneSimulator = Debug|iPhoneSimulator
		Debug|x64 = Debug|x64
		Debug|x86 = Debug|x86
		Release|Any CPU = Release|Any CPU
		Release|ARM = Release|ARM
		Release|ARM64 = Release|ARM64
		Release|iPhone = Release|iPhone
		Release|iPhoneSimulator = Release|iPhoneSimulator
		Release|x64 = Release|x64
		Release|x86 = Release|x86
	EndGlobalSection
	GlobalSection(ProjectConfigurationPlatforms) = postSolution
		{3E9396D7-1316-42B3-9FF5-10E6B15459E7}.Ad-Hoc|Any CPU.ActiveCfg = Debug|Any CPU
		{3E9396D7-1316-42B3-9FF5-10E6B15459E7}.Ad-Hoc|Any CPU.Build.0 = Debug|Any CPU
		{3E9396D7-1316-42B3-9FF5-10E6B15459E7}.Ad-Hoc|Any CPU.Deploy.0 = Debug|Any CPU
		{3E9396D7-1316-42B3-9FF5-10E6B15459E7}.Ad-Hoc|ARM.ActiveCfg = Debug|Any CPU
		{3E9396D7-1316-42B3-9FF5-10E6B15459E7}.Ad-Hoc|ARM.Build.0 = Debug|Any CPU
		{3E9396D7-1316-42B3-9FF5-10E6B15459E7}.Ad-Hoc|ARM.Deploy.0 = Debug|Any CPU
		{3E9396D7-1316-42B3-9FF5-10E6B15459E7}.Ad-Hoc|ARM64.ActiveCfg = Debug|Any CPU
		{3E9396D7-1316-42B3-9FF5-10E6B15459E7}.Ad-Hoc|ARM64.Build.0 = Debug|Any CPU
		{3E9396D7-1316-42B3-9FF5-10E6B15459E7}.Ad-Hoc|ARM64.Deploy.0 = Debug|Any CPU
		{3E9396D7-1316-42B3-9FF5-10E6B15459E7}.Ad-Hoc|iPhone.ActiveCfg = Debug|Any CPU
		{3E9396D7-1316-42B3-9FF5-10E6B15459E7}.Ad-Hoc|iPhone.Build.0 = Debug|Any CPU
		{3E9396D7-1316-42B3-9FF5-10E6B15459E7}.Ad-Hoc|iPhone.Deploy.0 = Debug|Any CPU
		{3E9396D7-1316-42B3-9FF5-10E6B15459E7}.Ad-Hoc|iPhoneSimulator.ActiveCfg = Debug|Any CPU
		{3E9396D7-1316-42B3-9FF5-10E6B15459E7}.Ad-Hoc|iPhoneSimulator.Build.0 = Debug|Any CPU
		{3E9396D7-1316-42B3-9FF5-10E6B15459E7}.Ad-Hoc|iPhoneSimulator.Deploy.0 = Debug|Any CPU
		{3E9396D7-1316-42B3-9FF5-10E6B15459E7}.Ad-Hoc|x64.ActiveCfg = Debug|Any CPU
		{3E9396D7-1316-42B3-9FF5-10E6B15459E7}.Ad-Hoc|x64.Build.0 = Debug|Any CPU
		{3E9396D7-1316-42B3-9FF5-10E6B15459E7}.Ad-Hoc|x64.Deploy.0 = Debug|Any CPU
		{3E9396D7-1316-42B3-9FF5-10E6B15459E7}.Ad-Hoc|x86.ActiveCfg = Debug|Any CPU
		{3E9396D7-1316-42B3-9FF5-10E6B15459E7}.Ad-Hoc|x86.Build.0 = Debug|Any CPU
		{3E9396D7-1316-42B3-9FF5-10E6B15459E7}.Ad-Hoc|x86.Deploy.0 = Debug|Any CPU
		{3E9396D7-1316-42B3-9FF5-10E6B15459E7}.AppStore|Any CPU.ActiveCfg = Debug|Any CPU
		{3E9396D7-1316-42B3-9FF5-10E6B15459E7}.AppStore|Any CPU.Build.0 = Debug|Any CPU
		{3E9396D7-1316-42B3-9FF5-10E6B15459E7}.AppStore|Any CPU.Deploy.0 = Debug|Any CPU
		{3E9396D7-1316-42B3-9FF5-10E6B15459E7}.AppStore|ARM.ActiveCfg = Debug|Any CPU
		{3E9396D7-1316-42B3-9FF5-10E6B15459E7}.AppStore|ARM.Build.0 = Debug|Any CPU
		{3E9396D7-1316-42B3-9FF5-10E6B15459E7}.AppStore|ARM.Deploy.0 = Debug|Any CPU
		{3E9396D7-1316-42B3-9FF5-10E6B15459E7}.AppStore|ARM64.ActiveCfg = Debug|Any CPU
		{3E9396D7-1316-42B3-9FF5-10E6B15459E7}.AppStore|ARM64.Build.0 = Debug|Any CPU
		{3E9396D7-1316-42B3-9FF5-10E6B15459E7}.AppStore|ARM64.Deploy.0 = Debug|Any CPU
		{3E9396D7-1316-42B3-9FF5-10E6B15459E7}.AppStore|iPhone.ActiveCfg = Debug|Any CPU
		{3E9396D7-1316-42B3-9FF5-10E6B15459E7}.AppStore|iPhone.Build.0 = Debug|Any CPU
		{3E9396D7-1316-42B3-9FF5-10E6B15459E7}.AppStore|iPhone.Deploy.0 = Debug|Any CPU
		{3E9396D7-1316-42B3-9FF5-10E6B15459E7}.AppStore|iPhoneSimulator.ActiveCfg = Debug|Any CPU
		{3E9396D7-1316-42B3-9FF5-10E6B15459E7}.AppStore|iPhoneSimulator.Build.0 = Debug|Any CPU
		{3E9396D7-1316-42B3-9FF5-10E6B15459E7}.AppStore|iPhoneSimulator.Deploy.0 = Debug|Any CPU
		{3E9396D7-1316-42B3-9FF5-10E6B15459E7}.AppStore|x64.ActiveCfg = Debug|Any CPU
		{3E9396D7-1316-42B3-9FF5-10E6B15459E7}.AppStore|x64.Build.0 = Debug|Any CPU
		{3E9396D7-1316-42B3-9FF5-10E6B15459E7}.AppStore|x64.Deploy.0 = Debug|Any CPU
		{3E9396D7-1316-42B3-9FF5-10E6B15459E7}.AppStore|x86.ActiveCfg = Debug|Any CPU
		{3E9396D7-1316-42B3-9FF5-10E6B15459E7}.AppStore|x86.Build.0 = Debug|Any CPU
		{3E9396D7-1316-42B3-9FF5-10E6B15459E7}.AppStore|x86.Deploy.0 = Debug|Any CPU
		{3E9396D7-1316-42B3-9FF5-10E6B15459E7}.Debug|Any CPU.ActiveCfg = Debug|Any CPU
		{3E9396D7-1316-42B3-9FF5-10E6B15459E7}.Debug|Any CPU.Build.0 = Debug|Any CPU
		{3E9396D7-1316-42B3-9FF5-10E6B15459E7}.Debug|Any CPU.Deploy.0 = Debug|Any CPU
		{3E9396D7-1316-42B3-9FF5-10E6B15459E7}.Debug|ARM.ActiveCfg = Debug|Any CPU
		{3E9396D7-1316-42B3-9FF5-10E6B15459E7}.Debug|ARM.Build.0 = Debug|Any CPU
		{3E9396D7-1316-42B3-9FF5-10E6B15459E7}.Debug|ARM.Deploy.0 = Debug|Any CPU
		{3E9396D7-1316-42B3-9FF5-10E6B15459E7}.Debug|ARM64.ActiveCfg = Debug|Any CPU
		{3E9396D7-1316-42B3-9FF5-10E6B15459E7}.Debug|ARM64.Build.0 = Debug|Any CPU
		{3E9396D7-1316-42B3-9FF5-10E6B15459E7}.Debug|ARM64.Deploy.0 = Debug|Any CPU
		{3E9396D7-1316-42B3-9FF5-10E6B15459E7}.Debug|iPhone.ActiveCfg = Debug|Any CPU
		{3E9396D7-1316-42B3-9FF5-10E6B15459E7}.Debug|iPhone.Build.0 = Debug|Any CPU
		{3E9396D7-1316-42B3-9FF5-10E6B15459E7}.Debug|iPhone.Deploy.0 = Debug|Any CPU
		{3E9396D7-1316-42B3-9FF5-10E6B15459E7}.Debug|iPhoneSimulator.ActiveCfg = Debug|Any CPU
		{3E9396D7-1316-42B3-9FF5-10E6B15459E7}.Debug|iPhoneSimulator.Build.0 = Debug|Any CPU
		{3E9396D7-1316-42B3-9FF5-10E6B15459E7}.Debug|iPhoneSimulator.Deploy.0 = Debug|Any CPU
		{3E9396D7-1316-42B3-9FF5-10E6B15459E7}.Debug|x64.ActiveCfg = Debug|Any CPU
		{3E9396D7-1316-42B3-9FF5-10E6B15459E7}.Debug|x64.Build.0 = Debug|Any CPU
		{3E9396D7-1316-42B3-9FF5-10E6B15459E7}.Debug|x64.Deploy.0 = Debug|Any CPU
		{3E9396D7-1316-42B3-9FF5-10E6B15459E7}.Debug|x86.ActiveCfg = Debug|Any CPU
		{3E9396D7-1316-42B3-9FF5-10E6B15459E7}.Debug|x86.Build.0 = Debug|Any CPU
		{3E9396D7-1316-42B3-9FF5-10E6B15459E7}.Debug|x86.Deploy.0 = Debug|Any CPU
		{3E9396D7-1316-42B3-9FF5-10E6B15459E7}.Release|Any CPU.ActiveCfg = Release|Any CPU
		{3E9396D7-1316-42B3-9FF5-10E6B15459E7}.Release|Any CPU.Build.0 = Release|Any CPU
		{3E9396D7-1316-42B3-9FF5-10E6B15459E7}.Release|Any CPU.Deploy.0 = Release|Any CPU
		{3E9396D7-1316-42B3-9FF5-10E6B15459E7}.Release|ARM.ActiveCfg = Release|Any CPU
		{3E9396D7-1316-42B3-9FF5-10E6B15459E7}.Release|ARM.Build.0 = Release|Any CPU
		{3E9396D7-1316-42B3-9FF5-10E6B15459E7}.Release|ARM.Deploy.0 = Release|Any CPU
		{3E9396D7-1316-42B3-9FF5-10E6B15459E7}.Release|ARM64.ActiveCfg = Release|Any CPU
		{3E9396D7-1316-42B3-9FF5-10E6B15459E7}.Release|ARM64.Build.0 = Release|Any CPU
		{3E9396D7-1316-42B3-9FF5-10E6B15459E7}.Release|ARM64.Deploy.0 = Release|Any CPU
		{3E9396D7-1316-42B3-9FF5-10E6B15459E7}.Release|iPhone.ActiveCfg = Release|Any CPU
		{3E9396D7-1316-42B3-9FF5-10E6B15459E7}.Release|iPhone.Build.0 = Release|Any CPU
		{3E9396D7-1316-42B3-9FF5-10E6B15459E7}.Release|iPhone.Deploy.0 = Release|Any CPU
		{3E9396D7-1316-42B3-9FF5-10E6B15459E7}.Release|iPhoneSimulator.ActiveCfg = Release|Any CPU
		{3E9396D7-1316-42B3-9FF5-10E6B15459E7}.Release|iPhoneSimulator.Build.0 = Release|Any CPU
		{3E9396D7-1316-42B3-9FF5-10E6B15459E7}.Release|iPhoneSimulator.Deploy.0 = Release|Any CPU
		{3E9396D7-1316-42B3-9FF5-10E6B15459E7}.Release|x64.ActiveCfg = Release|Any CPU
		{3E9396D7-1316-42B3-9FF5-10E6B15459E7}.Release|x64.Build.0 = Release|Any CPU
		{3E9396D7-1316-42B3-9FF5-10E6B15459E7}.Release|x64.Deploy.0 = Release|Any CPU
		{3E9396D7-1316-42B3-9FF5-10E6B15459E7}.Release|x86.ActiveCfg = Release|Any CPU
		{3E9396D7-1316-42B3-9FF5-10E6B15459E7}.Release|x86.Build.0 = Release|Any CPU
		{3E9396D7-1316-42B3-9FF5-10E6B15459E7}.Release|x86.Deploy.0 = Release|Any CPU
		{27BABAD2-B25E-4462-91ED-D9F108DE2E06}.Ad-Hoc|Any CPU.ActiveCfg = Ad-Hoc|iPhoneSimulator
		{27BABAD2-B25E-4462-91ED-D9F108DE2E06}.Ad-Hoc|Any CPU.Build.0 = Ad-Hoc|iPhoneSimulator
		{27BABAD2-B25E-4462-91ED-D9F108DE2E06}.Ad-Hoc|ARM.ActiveCfg = Ad-Hoc|iPhoneSimulator
		{27BABAD2-B25E-4462-91ED-D9F108DE2E06}.Ad-Hoc|ARM.Build.0 = Ad-Hoc|iPhoneSimulator
		{27BABAD2-B25E-4462-91ED-D9F108DE2E06}.Ad-Hoc|ARM64.ActiveCfg = Ad-Hoc|iPhoneSimulator
		{27BABAD2-B25E-4462-91ED-D9F108DE2E06}.Ad-Hoc|ARM64.Build.0 = Ad-Hoc|iPhoneSimulator
		{27BABAD2-B25E-4462-91ED-D9F108DE2E06}.Ad-Hoc|iPhone.ActiveCfg = Ad-Hoc|iPhone
		{27BABAD2-B25E-4462-91ED-D9F108DE2E06}.Ad-Hoc|iPhone.Build.0 = Ad-Hoc|iPhone
		{27BABAD2-B25E-4462-91ED-D9F108DE2E06}.Ad-Hoc|iPhoneSimulator.ActiveCfg = Ad-Hoc|iPhoneSimulator
		{27BABAD2-B25E-4462-91ED-D9F108DE2E06}.Ad-Hoc|iPhoneSimulator.Build.0 = Ad-Hoc|iPhoneSimulator
		{27BABAD2-B25E-4462-91ED-D9F108DE2E06}.Ad-Hoc|x64.ActiveCfg = Ad-Hoc|iPhoneSimulator
		{27BABAD2-B25E-4462-91ED-D9F108DE2E06}.Ad-Hoc|x64.Build.0 = Ad-Hoc|iPhoneSimulator
		{27BABAD2-B25E-4462-91ED-D9F108DE2E06}.Ad-Hoc|x86.ActiveCfg = Ad-Hoc|iPhoneSimulator
		{27BABAD2-B25E-4462-91ED-D9F108DE2E06}.Ad-Hoc|x86.Build.0 = Ad-Hoc|iPhoneSimulator
		{27BABAD2-B25E-4462-91ED-D9F108DE2E06}.AppStore|Any CPU.ActiveCfg = AppStore|iPhoneSimulator
		{27BABAD2-B25E-4462-91ED-D9F108DE2E06}.AppStore|Any CPU.Build.0 = AppStore|iPhoneSimulator
		{27BABAD2-B25E-4462-91ED-D9F108DE2E06}.AppStore|ARM.ActiveCfg = AppStore|iPhoneSimulator
		{27BABAD2-B25E-4462-91ED-D9F108DE2E06}.AppStore|ARM.Build.0 = AppStore|iPhoneSimulator
		{27BABAD2-B25E-4462-91ED-D9F108DE2E06}.AppStore|ARM64.ActiveCfg = AppStore|iPhoneSimulator
		{27BABAD2-B25E-4462-91ED-D9F108DE2E06}.AppStore|ARM64.Build.0 = AppStore|iPhoneSimulator
		{27BABAD2-B25E-4462-91ED-D9F108DE2E06}.AppStore|iPhone.ActiveCfg = AppStore|iPhone
		{27BABAD2-B25E-4462-91ED-D9F108DE2E06}.AppStore|iPhone.Build.0 = AppStore|iPhone
		{27BABAD2-B25E-4462-91ED-D9F108DE2E06}.AppStore|iPhoneSimulator.ActiveCfg = AppStore|iPhoneSimulator
		{27BABAD2-B25E-4462-91ED-D9F108DE2E06}.AppStore|iPhoneSimulator.Build.0 = AppStore|iPhoneSimulator
		{27BABAD2-B25E-4462-91ED-D9F108DE2E06}.AppStore|x64.ActiveCfg = AppStore|iPhoneSimulator
		{27BABAD2-B25E-4462-91ED-D9F108DE2E06}.AppStore|x64.Build.0 = AppStore|iPhoneSimulator
		{27BABAD2-B25E-4462-91ED-D9F108DE2E06}.AppStore|x86.ActiveCfg = AppStore|iPhoneSimulator
		{27BABAD2-B25E-4462-91ED-D9F108DE2E06}.AppStore|x86.Build.0 = AppStore|iPhoneSimulator
		{27BABAD2-B25E-4462-91ED-D9F108DE2E06}.Debug|Any CPU.ActiveCfg = Debug|iPhoneSimulator
		{27BABAD2-B25E-4462-91ED-D9F108DE2E06}.Debug|Any CPU.Build.0 = Debug|iPhoneSimulator
		{27BABAD2-B25E-4462-91ED-D9F108DE2E06}.Debug|ARM.ActiveCfg = Debug|iPhoneSimulator
		{27BABAD2-B25E-4462-91ED-D9F108DE2E06}.Debug|ARM.Build.0 = Debug|iPhoneSimulator
		{27BABAD2-B25E-4462-91ED-D9F108DE2E06}.Debug|ARM64.ActiveCfg = Debug|iPhoneSimulator
		{27BABAD2-B25E-4462-91ED-D9F108DE2E06}.Debug|ARM64.Build.0 = Debug|iPhoneSimulator
		{27BABAD2-B25E-4462-91ED-D9F108DE2E06}.Debug|iPhone.ActiveCfg = Debug|iPhone
		{27BABAD2-B25E-4462-91ED-D9F108DE2E06}.Debug|iPhone.Build.0 = Debug|iPhone
		{27BABAD2-B25E-4462-91ED-D9F108DE2E06}.Debug|iPhoneSimulator.ActiveCfg = Debug|iPhoneSimulator
		{27BABAD2-B25E-4462-91ED-D9F108DE2E06}.Debug|iPhoneSimulator.Build.0 = Debug|iPhoneSimulator
		{27BABAD2-B25E-4462-91ED-D9F108DE2E06}.Debug|x64.ActiveCfg = Debug|iPhoneSimulator
		{27BABAD2-B25E-4462-91ED-D9F108DE2E06}.Debug|x64.Build.0 = Debug|iPhoneSimulator
		{27BABAD2-B25E-4462-91ED-D9F108DE2E06}.Debug|x86.ActiveCfg = Debug|iPhoneSimulator
		{27BABAD2-B25E-4462-91ED-D9F108DE2E06}.Debug|x86.Build.0 = Debug|iPhoneSimulator
		{27BABAD2-B25E-4462-91ED-D9F108DE2E06}.Release|Any CPU.ActiveCfg = Release|iPhoneSimulator
		{27BABAD2-B25E-4462-91ED-D9F108DE2E06}.Release|Any CPU.Build.0 = Release|iPhoneSimulator
		{27BABAD2-B25E-4462-91ED-D9F108DE2E06}.Release|ARM.ActiveCfg = Release|iPhoneSimulator
		{27BABAD2-B25E-4462-91ED-D9F108DE2E06}.Release|ARM.Build.0 = Release|iPhoneSimulator
		{27BABAD2-B25E-4462-91ED-D9F108DE2E06}.Release|ARM64.ActiveCfg = Release|iPhoneSimulator
		{27BABAD2-B25E-4462-91ED-D9F108DE2E06}.Release|ARM64.Build.0 = Release|iPhoneSimulator
		{27BABAD2-B25E-4462-91ED-D9F108DE2E06}.Release|iPhone.ActiveCfg = Release|iPhone
		{27BABAD2-B25E-4462-91ED-D9F108DE2E06}.Release|iPhone.Build.0 = Release|iPhone
		{27BABAD2-B25E-4462-91ED-D9F108DE2E06}.Release|iPhoneSimulator.ActiveCfg = Release|iPhoneSimulator
		{27BABAD2-B25E-4462-91ED-D9F108DE2E06}.Release|iPhoneSimulator.Build.0 = Release|iPhoneSimulator
		{27BABAD2-B25E-4462-91ED-D9F108DE2E06}.Release|x64.ActiveCfg = Release|iPhoneSimulator
		{27BABAD2-B25E-4462-91ED-D9F108DE2E06}.Release|x64.Build.0 = Release|iPhoneSimulator
		{27BABAD2-B25E-4462-91ED-D9F108DE2E06}.Release|x86.ActiveCfg = Release|iPhoneSimulator
		{27BABAD2-B25E-4462-91ED-D9F108DE2E06}.Release|x86.Build.0 = Release|iPhoneSimulator
		{117204F9-EE13-4B63-8D00-FAEA78A10D3F}.Ad-Hoc|Any CPU.ActiveCfg = Debug|x86
		{117204F9-EE13-4B63-8D00-FAEA78A10D3F}.Ad-Hoc|Any CPU.Build.0 = Debug|x86
		{117204F9-EE13-4B63-8D00-FAEA78A10D3F}.Ad-Hoc|Any CPU.Deploy.0 = Debug|x86
		{117204F9-EE13-4B63-8D00-FAEA78A10D3F}.Ad-Hoc|ARM.ActiveCfg = Debug|ARM
		{117204F9-EE13-4B63-8D00-FAEA78A10D3F}.Ad-Hoc|ARM.Build.0 = Debug|ARM
		{117204F9-EE13-4B63-8D00-FAEA78A10D3F}.Ad-Hoc|ARM.Deploy.0 = Debug|ARM
		{117204F9-EE13-4B63-8D00-FAEA78A10D3F}.Ad-Hoc|ARM64.ActiveCfg = Debug|ARM64
		{117204F9-EE13-4B63-8D00-FAEA78A10D3F}.Ad-Hoc|ARM64.Build.0 = Debug|ARM64
		{117204F9-EE13-4B63-8D00-FAEA78A10D3F}.Ad-Hoc|ARM64.Deploy.0 = Debug|ARM64
		{117204F9-EE13-4B63-8D00-FAEA78A10D3F}.Ad-Hoc|iPhone.ActiveCfg = Debug|x86
		{117204F9-EE13-4B63-8D00-FAEA78A10D3F}.Ad-Hoc|iPhone.Build.0 = Debug|x86
		{117204F9-EE13-4B63-8D00-FAEA78A10D3F}.Ad-Hoc|iPhone.Deploy.0 = Debug|x86
		{117204F9-EE13-4B63-8D00-FAEA78A10D3F}.Ad-Hoc|iPhoneSimulator.ActiveCfg = Debug|x86
		{117204F9-EE13-4B63-8D00-FAEA78A10D3F}.Ad-Hoc|iPhoneSimulator.Build.0 = Debug|x86
		{117204F9-EE13-4B63-8D00-FAEA78A10D3F}.Ad-Hoc|iPhoneSimulator.Deploy.0 = Debug|x86
		{117204F9-EE13-4B63-8D00-FAEA78A10D3F}.Ad-Hoc|x64.ActiveCfg = Debug|x64
		{117204F9-EE13-4B63-8D00-FAEA78A10D3F}.Ad-Hoc|x64.Build.0 = Debug|x64
		{117204F9-EE13-4B63-8D00-FAEA78A10D3F}.Ad-Hoc|x64.Deploy.0 = Debug|x64
		{117204F9-EE13-4B63-8D00-FAEA78A10D3F}.Ad-Hoc|x86.ActiveCfg = Debug|x86
		{117204F9-EE13-4B63-8D00-FAEA78A10D3F}.Ad-Hoc|x86.Build.0 = Debug|x86
		{117204F9-EE13-4B63-8D00-FAEA78A10D3F}.Ad-Hoc|x86.Deploy.0 = Debug|x86
		{117204F9-EE13-4B63-8D00-FAEA78A10D3F}.AppStore|Any CPU.ActiveCfg = Debug|x86
		{117204F9-EE13-4B63-8D00-FAEA78A10D3F}.AppStore|Any CPU.Build.0 = Debug|x86
		{117204F9-EE13-4B63-8D00-FAEA78A10D3F}.AppStore|Any CPU.Deploy.0 = Debug|x86
		{117204F9-EE13-4B63-8D00-FAEA78A10D3F}.AppStore|ARM.ActiveCfg = Debug|ARM
		{117204F9-EE13-4B63-8D00-FAEA78A10D3F}.AppStore|ARM.Build.0 = Debug|ARM
		{117204F9-EE13-4B63-8D00-FAEA78A10D3F}.AppStore|ARM.Deploy.0 = Debug|ARM
		{117204F9-EE13-4B63-8D00-FAEA78A10D3F}.AppStore|ARM64.ActiveCfg = Debug|ARM64
		{117204F9-EE13-4B63-8D00-FAEA78A10D3F}.AppStore|ARM64.Build.0 = Debug|ARM64
		{117204F9-EE13-4B63-8D00-FAEA78A10D3F}.AppStore|ARM64.Deploy.0 = Debug|ARM64
		{117204F9-EE13-4B63-8D00-FAEA78A10D3F}.AppStore|iPhone.ActiveCfg = Debug|x86
		{117204F9-EE13-4B63-8D00-FAEA78A10D3F}.AppStore|iPhone.Build.0 = Debug|x86
		{117204F9-EE13-4B63-8D00-FAEA78A10D3F}.AppStore|iPhone.Deploy.0 = Debug|x86
		{117204F9-EE13-4B63-8D00-FAEA78A10D3F}.AppStore|iPhoneSimulator.ActiveCfg = Debug|x86
		{117204F9-EE13-4B63-8D00-FAEA78A10D3F}.AppStore|iPhoneSimulator.Build.0 = Debug|x86
		{117204F9-EE13-4B63-8D00-FAEA78A10D3F}.AppStore|iPhoneSimulator.Deploy.0 = Debug|x86
		{117204F9-EE13-4B63-8D00-FAEA78A10D3F}.AppStore|x64.ActiveCfg = Debug|x64
		{117204F9-EE13-4B63-8D00-FAEA78A10D3F}.AppStore|x64.Build.0 = Debug|x64
		{117204F9-EE13-4B63-8D00-FAEA78A10D3F}.AppStore|x64.Deploy.0 = Debug|x64
		{117204F9-EE13-4B63-8D00-FAEA78A10D3F}.AppStore|x86.ActiveCfg = Debug|x86
		{117204F9-EE13-4B63-8D00-FAEA78A10D3F}.AppStore|x86.Build.0 = Debug|x86
		{117204F9-EE13-4B63-8D00-FAEA78A10D3F}.AppStore|x86.Deploy.0 = Debug|x86
		{117204F9-EE13-4B63-8D00-FAEA78A10D3F}.Debug|Any CPU.ActiveCfg = Debug|x64
		{117204F9-EE13-4B63-8D00-FAEA78A10D3F}.Debug|Any CPU.Build.0 = Debug|x64
		{117204F9-EE13-4B63-8D00-FAEA78A10D3F}.Debug|Any CPU.Deploy.0 = Debug|x64
		{117204F9-EE13-4B63-8D00-FAEA78A10D3F}.Debug|ARM.ActiveCfg = Debug|ARM
		{117204F9-EE13-4B63-8D00-FAEA78A10D3F}.Debug|ARM.Build.0 = Debug|ARM
		{117204F9-EE13-4B63-8D00-FAEA78A10D3F}.Debug|ARM.Deploy.0 = Debug|ARM
		{117204F9-EE13-4B63-8D00-FAEA78A10D3F}.Debug|ARM64.ActiveCfg = Debug|ARM64
		{117204F9-EE13-4B63-8D00-FAEA78A10D3F}.Debug|ARM64.Build.0 = Debug|ARM64
		{117204F9-EE13-4B63-8D00-FAEA78A10D3F}.Debug|ARM64.Deploy.0 = Debug|ARM64
		{117204F9-EE13-4B63-8D00-FAEA78A10D3F}.Debug|iPhone.ActiveCfg = Debug|x64
		{117204F9-EE13-4B63-8D00-FAEA78A10D3F}.Debug|iPhone.Build.0 = Debug|x64
		{117204F9-EE13-4B63-8D00-FAEA78A10D3F}.Debug|iPhone.Deploy.0 = Debug|x64
		{117204F9-EE13-4B63-8D00-FAEA78A10D3F}.Debug|iPhoneSimulator.ActiveCfg = Debug|x64
		{117204F9-EE13-4B63-8D00-FAEA78A10D3F}.Debug|iPhoneSimulator.Build.0 = Debug|x64
		{117204F9-EE13-4B63-8D00-FAEA78A10D3F}.Debug|iPhoneSimulator.Deploy.0 = Debug|x64
		{117204F9-EE13-4B63-8D00-FAEA78A10D3F}.Debug|x64.ActiveCfg = Debug|x64
		{117204F9-EE13-4B63-8D00-FAEA78A10D3F}.Debug|x64.Build.0 = Debug|x64
		{117204F9-EE13-4B63-8D00-FAEA78A10D3F}.Debug|x64.Deploy.0 = Debug|x64
		{117204F9-EE13-4B63-8D00-FAEA78A10D3F}.Debug|x86.ActiveCfg = Debug|x86
		{117204F9-EE13-4B63-8D00-FAEA78A10D3F}.Debug|x86.Build.0 = Debug|x86
		{117204F9-EE13-4B63-8D00-FAEA78A10D3F}.Debug|x86.Deploy.0 = Debug|x86
		{117204F9-EE13-4B63-8D00-FAEA78A10D3F}.Release|Any CPU.ActiveCfg = Release|x64
		{117204F9-EE13-4B63-8D00-FAEA78A10D3F}.Release|Any CPU.Build.0 = Release|x64
		{117204F9-EE13-4B63-8D00-FAEA78A10D3F}.Release|Any CPU.Deploy.0 = Release|x64
		{117204F9-EE13-4B63-8D00-FAEA78A10D3F}.Release|ARM.ActiveCfg = Release|ARM
		{117204F9-EE13-4B63-8D00-FAEA78A10D3F}.Release|ARM.Build.0 = Release|ARM
		{117204F9-EE13-4B63-8D00-FAEA78A10D3F}.Release|ARM.Deploy.0 = Release|ARM
		{117204F9-EE13-4B63-8D00-FAEA78A10D3F}.Release|ARM64.ActiveCfg = Release|ARM64
		{117204F9-EE13-4B63-8D00-FAEA78A10D3F}.Release|ARM64.Build.0 = Release|ARM64
		{117204F9-EE13-4B63-8D00-FAEA78A10D3F}.Release|ARM64.Deploy.0 = Release|ARM64
		{117204F9-EE13-4B63-8D00-FAEA78A10D3F}.Release|iPhone.ActiveCfg = Release|x64
		{117204F9-EE13-4B63-8D00-FAEA78A10D3F}.Release|iPhone.Build.0 = Release|x64
		{117204F9-EE13-4B63-8D00-FAEA78A10D3F}.Release|iPhone.Deploy.0 = Release|x64
		{117204F9-EE13-4B63-8D00-FAEA78A10D3F}.Release|iPhoneSimulator.ActiveCfg = Release|x64
		{117204F9-EE13-4B63-8D00-FAEA78A10D3F}.Release|iPhoneSimulator.Build.0 = Release|x64
		{117204F9-EE13-4B63-8D00-FAEA78A10D3F}.Release|iPhoneSimulator.Deploy.0 = Release|x64
		{117204F9-EE13-4B63-8D00-FAEA78A10D3F}.Release|x64.ActiveCfg = Release|x64
		{117204F9-EE13-4B63-8D00-FAEA78A10D3F}.Release|x64.Build.0 = Release|x64
		{117204F9-EE13-4B63-8D00-FAEA78A10D3F}.Release|x64.Deploy.0 = Release|x64
		{117204F9-EE13-4B63-8D00-FAEA78A10D3F}.Release|x86.ActiveCfg = Release|x86
		{117204F9-EE13-4B63-8D00-FAEA78A10D3F}.Release|x86.Build.0 = Release|x86
		{117204F9-EE13-4B63-8D00-FAEA78A10D3F}.Release|x86.Deploy.0 = Release|x86
		{CBD736F9-3E64-4146-B1A4-6B43F7798307}.Ad-Hoc|Any CPU.ActiveCfg = Debug|Any CPU
		{CBD736F9-3E64-4146-B1A4-6B43F7798307}.Ad-Hoc|Any CPU.Build.0 = Debug|Any CPU
		{CBD736F9-3E64-4146-B1A4-6B43F7798307}.Ad-Hoc|ARM.ActiveCfg = Debug|Any CPU
		{CBD736F9-3E64-4146-B1A4-6B43F7798307}.Ad-Hoc|ARM.Build.0 = Debug|Any CPU
		{CBD736F9-3E64-4146-B1A4-6B43F7798307}.Ad-Hoc|ARM64.ActiveCfg = Debug|Any CPU
		{CBD736F9-3E64-4146-B1A4-6B43F7798307}.Ad-Hoc|ARM64.Build.0 = Debug|Any CPU
		{CBD736F9-3E64-4146-B1A4-6B43F7798307}.Ad-Hoc|iPhone.ActiveCfg = Debug|Any CPU
		{CBD736F9-3E64-4146-B1A4-6B43F7798307}.Ad-Hoc|iPhone.Build.0 = Debug|Any CPU
		{CBD736F9-3E64-4146-B1A4-6B43F7798307}.Ad-Hoc|iPhoneSimulator.ActiveCfg = Debug|Any CPU
		{CBD736F9-3E64-4146-B1A4-6B43F7798307}.Ad-Hoc|iPhoneSimulator.Build.0 = Debug|Any CPU
		{CBD736F9-3E64-4146-B1A4-6B43F7798307}.Ad-Hoc|x64.ActiveCfg = Debug|Any CPU
		{CBD736F9-3E64-4146-B1A4-6B43F7798307}.Ad-Hoc|x64.Build.0 = Debug|Any CPU
		{CBD736F9-3E64-4146-B1A4-6B43F7798307}.Ad-Hoc|x86.ActiveCfg = Debug|Any CPU
		{CBD736F9-3E64-4146-B1A4-6B43F7798307}.Ad-Hoc|x86.Build.0 = Debug|Any CPU
		{CBD736F9-3E64-4146-B1A4-6B43F7798307}.AppStore|Any CPU.ActiveCfg = Debug|Any CPU
		{CBD736F9-3E64-4146-B1A4-6B43F7798307}.AppStore|Any CPU.Build.0 = Debug|Any CPU
		{CBD736F9-3E64-4146-B1A4-6B43F7798307}.AppStore|ARM.ActiveCfg = Debug|Any CPU
		{CBD736F9-3E64-4146-B1A4-6B43F7798307}.AppStore|ARM.Build.0 = Debug|Any CPU
		{CBD736F9-3E64-4146-B1A4-6B43F7798307}.AppStore|ARM64.ActiveCfg = Debug|Any CPU
		{CBD736F9-3E64-4146-B1A4-6B43F7798307}.AppStore|ARM64.Build.0 = Debug|Any CPU
		{CBD736F9-3E64-4146-B1A4-6B43F7798307}.AppStore|iPhone.ActiveCfg = Debug|Any CPU
		{CBD736F9-3E64-4146-B1A4-6B43F7798307}.AppStore|iPhone.Build.0 = Debug|Any CPU
		{CBD736F9-3E64-4146-B1A4-6B43F7798307}.AppStore|iPhoneSimulator.ActiveCfg = Debug|Any CPU
		{CBD736F9-3E64-4146-B1A4-6B43F7798307}.AppStore|iPhoneSimulator.Build.0 = Debug|Any CPU
		{CBD736F9-3E64-4146-B1A4-6B43F7798307}.AppStore|x64.ActiveCfg = Debug|Any CPU
		{CBD736F9-3E64-4146-B1A4-6B43F7798307}.AppStore|x64.Build.0 = Debug|Any CPU
		{CBD736F9-3E64-4146-B1A4-6B43F7798307}.AppStore|x86.ActiveCfg = Debug|Any CPU
		{CBD736F9-3E64-4146-B1A4-6B43F7798307}.AppStore|x86.Build.0 = Debug|Any CPU
		{CBD736F9-3E64-4146-B1A4-6B43F7798307}.Debug|Any CPU.ActiveCfg = Debug|Any CPU
		{CBD736F9-3E64-4146-B1A4-6B43F7798307}.Debug|Any CPU.Build.0 = Debug|Any CPU
		{CBD736F9-3E64-4146-B1A4-6B43F7798307}.Debug|ARM.ActiveCfg = Debug|Any CPU
		{CBD736F9-3E64-4146-B1A4-6B43F7798307}.Debug|ARM.Build.0 = Debug|Any CPU
		{CBD736F9-3E64-4146-B1A4-6B43F7798307}.Debug|ARM64.ActiveCfg = Debug|Any CPU
		{CBD736F9-3E64-4146-B1A4-6B43F7798307}.Debug|ARM64.Build.0 = Debug|Any CPU
		{CBD736F9-3E64-4146-B1A4-6B43F7798307}.Debug|iPhone.ActiveCfg = Debug|Any CPU
		{CBD736F9-3E64-4146-B1A4-6B43F7798307}.Debug|iPhone.Build.0 = Debug|Any CPU
		{CBD736F9-3E64-4146-B1A4-6B43F7798307}.Debug|iPhoneSimulator.ActiveCfg = Debug|Any CPU
		{CBD736F9-3E64-4146-B1A4-6B43F7798307}.Debug|iPhoneSimulator.Build.0 = Debug|Any CPU
		{CBD736F9-3E64-4146-B1A4-6B43F7798307}.Debug|x64.ActiveCfg = Debug|Any CPU
		{CBD736F9-3E64-4146-B1A4-6B43F7798307}.Debug|x64.Build.0 = Debug|Any CPU
		{CBD736F9-3E64-4146-B1A4-6B43F7798307}.Debug|x86.ActiveCfg = Debug|Any CPU
		{CBD736F9-3E64-4146-B1A4-6B43F7798307}.Debug|x86.Build.0 = Debug|Any CPU
		{CBD736F9-3E64-4146-B1A4-6B43F7798307}.Release|Any CPU.ActiveCfg = Release|Any CPU
		{CBD736F9-3E64-4146-B1A4-6B43F7798307}.Release|Any CPU.Build.0 = Release|Any CPU
		{CBD736F9-3E64-4146-B1A4-6B43F7798307}.Release|ARM.ActiveCfg = Release|Any CPU
		{CBD736F9-3E64-4146-B1A4-6B43F7798307}.Release|ARM.Build.0 = Release|Any CPU
		{CBD736F9-3E64-4146-B1A4-6B43F7798307}.Release|ARM64.ActiveCfg = Release|Any CPU
		{CBD736F9-3E64-4146-B1A4-6B43F7798307}.Release|ARM64.Build.0 = Release|Any CPU
		{CBD736F9-3E64-4146-B1A4-6B43F7798307}.Release|iPhone.ActiveCfg = Release|Any CPU
		{CBD736F9-3E64-4146-B1A4-6B43F7798307}.Release|iPhone.Build.0 = Release|Any CPU
		{CBD736F9-3E64-4146-B1A4-6B43F7798307}.Release|iPhoneSimulator.ActiveCfg = Release|Any CPU
		{CBD736F9-3E64-4146-B1A4-6B43F7798307}.Release|iPhoneSimulator.Build.0 = Release|Any CPU
		{CBD736F9-3E64-4146-B1A4-6B43F7798307}.Release|x64.ActiveCfg = Release|Any CPU
		{CBD736F9-3E64-4146-B1A4-6B43F7798307}.Release|x64.Build.0 = Release|Any CPU
		{CBD736F9-3E64-4146-B1A4-6B43F7798307}.Release|x86.ActiveCfg = Release|Any CPU
		{CBD736F9-3E64-4146-B1A4-6B43F7798307}.Release|x86.Build.0 = Release|Any CPU
		{F20316CA-E5BA-4783-B788-77C0D3B57848}.Ad-Hoc|Any CPU.ActiveCfg = Debug|iPhoneSimulator
		{F20316CA-E5BA-4783-B788-77C0D3B57848}.Ad-Hoc|Any CPU.Build.0 = Debug|iPhoneSimulator
		{F20316CA-E5BA-4783-B788-77C0D3B57848}.Ad-Hoc|ARM.ActiveCfg = Debug|iPhoneSimulator
		{F20316CA-E5BA-4783-B788-77C0D3B57848}.Ad-Hoc|ARM.Build.0 = Debug|iPhoneSimulator
		{F20316CA-E5BA-4783-B788-77C0D3B57848}.Ad-Hoc|ARM64.ActiveCfg = Debug|iPhoneSimulator
		{F20316CA-E5BA-4783-B788-77C0D3B57848}.Ad-Hoc|ARM64.Build.0 = Debug|iPhoneSimulator
		{F20316CA-E5BA-4783-B788-77C0D3B57848}.Ad-Hoc|iPhone.ActiveCfg = Debug|iPhoneSimulator
		{F20316CA-E5BA-4783-B788-77C0D3B57848}.Ad-Hoc|iPhone.Build.0 = Debug|iPhoneSimulator
		{F20316CA-E5BA-4783-B788-77C0D3B57848}.Ad-Hoc|iPhoneSimulator.ActiveCfg = Debug|iPhoneSimulator
		{F20316CA-E5BA-4783-B788-77C0D3B57848}.Ad-Hoc|iPhoneSimulator.Build.0 = Debug|iPhoneSimulator
		{F20316CA-E5BA-4783-B788-77C0D3B57848}.Ad-Hoc|x64.ActiveCfg = Debug|iPhoneSimulator
		{F20316CA-E5BA-4783-B788-77C0D3B57848}.Ad-Hoc|x64.Build.0 = Debug|iPhoneSimulator
		{F20316CA-E5BA-4783-B788-77C0D3B57848}.Ad-Hoc|x86.ActiveCfg = Debug|iPhoneSimulator
		{F20316CA-E5BA-4783-B788-77C0D3B57848}.Ad-Hoc|x86.Build.0 = Debug|iPhoneSimulator
		{F20316CA-E5BA-4783-B788-77C0D3B57848}.AppStore|Any CPU.ActiveCfg = Debug|iPhoneSimulator
		{F20316CA-E5BA-4783-B788-77C0D3B57848}.AppStore|Any CPU.Build.0 = Debug|iPhoneSimulator
		{F20316CA-E5BA-4783-B788-77C0D3B57848}.AppStore|ARM.ActiveCfg = Debug|iPhoneSimulator
		{F20316CA-E5BA-4783-B788-77C0D3B57848}.AppStore|ARM.Build.0 = Debug|iPhoneSimulator
		{F20316CA-E5BA-4783-B788-77C0D3B57848}.AppStore|ARM64.ActiveCfg = Debug|iPhoneSimulator
		{F20316CA-E5BA-4783-B788-77C0D3B57848}.AppStore|ARM64.Build.0 = Debug|iPhoneSimulator
		{F20316CA-E5BA-4783-B788-77C0D3B57848}.AppStore|iPhone.ActiveCfg = Debug|iPhoneSimulator
		{F20316CA-E5BA-4783-B788-77C0D3B57848}.AppStore|iPhone.Build.0 = Debug|iPhoneSimulator
		{F20316CA-E5BA-4783-B788-77C0D3B57848}.AppStore|iPhoneSimulator.ActiveCfg = Debug|iPhoneSimulator
		{F20316CA-E5BA-4783-B788-77C0D3B57848}.AppStore|iPhoneSimulator.Build.0 = Debug|iPhoneSimulator
		{F20316CA-E5BA-4783-B788-77C0D3B57848}.AppStore|x64.ActiveCfg = Debug|iPhoneSimulator
		{F20316CA-E5BA-4783-B788-77C0D3B57848}.AppStore|x64.Build.0 = Debug|iPhoneSimulator
		{F20316CA-E5BA-4783-B788-77C0D3B57848}.AppStore|x86.ActiveCfg = Debug|iPhoneSimulator
		{F20316CA-E5BA-4783-B788-77C0D3B57848}.AppStore|x86.Build.0 = Debug|iPhoneSimulator
		{F20316CA-E5BA-4783-B788-77C0D3B57848}.Debug|Any CPU.ActiveCfg = Debug|iPhoneSimulator
		{F20316CA-E5BA-4783-B788-77C0D3B57848}.Debug|Any CPU.Build.0 = Debug|iPhoneSimulator
		{F20316CA-E5BA-4783-B788-77C0D3B57848}.Debug|ARM.ActiveCfg = Debug|iPhoneSimulator
		{F20316CA-E5BA-4783-B788-77C0D3B57848}.Debug|ARM.Build.0 = Debug|iPhoneSimulator
		{F20316CA-E5BA-4783-B788-77C0D3B57848}.Debug|ARM64.ActiveCfg = Debug|iPhoneSimulator
		{F20316CA-E5BA-4783-B788-77C0D3B57848}.Debug|ARM64.Build.0 = Debug|iPhoneSimulator
		{F20316CA-E5BA-4783-B788-77C0D3B57848}.Debug|iPhone.ActiveCfg = Debug|iPhoneSimulator
		{F20316CA-E5BA-4783-B788-77C0D3B57848}.Debug|iPhone.Build.0 = Debug|iPhoneSimulator
		{F20316CA-E5BA-4783-B788-77C0D3B57848}.Debug|iPhoneSimulator.ActiveCfg = Debug|iPhoneSimulator
		{F20316CA-E5BA-4783-B788-77C0D3B57848}.Debug|iPhoneSimulator.Build.0 = Debug|iPhoneSimulator
		{F20316CA-E5BA-4783-B788-77C0D3B57848}.Debug|x64.ActiveCfg = Debug|iPhoneSimulator
		{F20316CA-E5BA-4783-B788-77C0D3B57848}.Debug|x64.Build.0 = Debug|iPhoneSimulator
		{F20316CA-E5BA-4783-B788-77C0D3B57848}.Debug|x86.ActiveCfg = Debug|iPhoneSimulator
		{F20316CA-E5BA-4783-B788-77C0D3B57848}.Debug|x86.Build.0 = Debug|iPhoneSimulator
		{F20316CA-E5BA-4783-B788-77C0D3B57848}.Release|Any CPU.ActiveCfg = Release|iPhoneSimulator
		{F20316CA-E5BA-4783-B788-77C0D3B57848}.Release|Any CPU.Build.0 = Release|iPhoneSimulator
		{F20316CA-E5BA-4783-B788-77C0D3B57848}.Release|ARM.ActiveCfg = Release|iPhoneSimulator
		{F20316CA-E5BA-4783-B788-77C0D3B57848}.Release|ARM.Build.0 = Release|iPhoneSimulator
		{F20316CA-E5BA-4783-B788-77C0D3B57848}.Release|ARM64.ActiveCfg = Release|iPhoneSimulator
		{F20316CA-E5BA-4783-B788-77C0D3B57848}.Release|ARM64.Build.0 = Release|iPhoneSimulator
		{F20316CA-E5BA-4783-B788-77C0D3B57848}.Release|iPhone.ActiveCfg = Release|iPhoneSimulator
		{F20316CA-E5BA-4783-B788-77C0D3B57848}.Release|iPhone.Build.0 = Release|iPhoneSimulator
		{F20316CA-E5BA-4783-B788-77C0D3B57848}.Release|iPhoneSimulator.ActiveCfg = Release|iPhoneSimulator
		{F20316CA-E5BA-4783-B788-77C0D3B57848}.Release|iPhoneSimulator.Build.0 = Release|iPhoneSimulator
		{F20316CA-E5BA-4783-B788-77C0D3B57848}.Release|x64.ActiveCfg = Release|iPhoneSimulator
		{F20316CA-E5BA-4783-B788-77C0D3B57848}.Release|x64.Build.0 = Release|iPhoneSimulator
		{F20316CA-E5BA-4783-B788-77C0D3B57848}.Release|x86.ActiveCfg = Release|iPhoneSimulator
		{F20316CA-E5BA-4783-B788-77C0D3B57848}.Release|x86.Build.0 = Release|iPhoneSimulator
		{5A186E53-F8EB-408D-BC75-601BBF6CD97B}.Ad-Hoc|Any CPU.ActiveCfg = Debug|Any CPU
		{5A186E53-F8EB-408D-BC75-601BBF6CD97B}.Ad-Hoc|Any CPU.Build.0 = Debug|Any CPU
		{5A186E53-F8EB-408D-BC75-601BBF6CD97B}.Ad-Hoc|ARM.ActiveCfg = Debug|Any CPU
		{5A186E53-F8EB-408D-BC75-601BBF6CD97B}.Ad-Hoc|ARM.Build.0 = Debug|Any CPU
		{5A186E53-F8EB-408D-BC75-601BBF6CD97B}.Ad-Hoc|ARM64.ActiveCfg = Debug|Any CPU
		{5A186E53-F8EB-408D-BC75-601BBF6CD97B}.Ad-Hoc|ARM64.Build.0 = Debug|Any CPU
		{5A186E53-F8EB-408D-BC75-601BBF6CD97B}.Ad-Hoc|iPhone.ActiveCfg = Debug|Any CPU
		{5A186E53-F8EB-408D-BC75-601BBF6CD97B}.Ad-Hoc|iPhone.Build.0 = Debug|Any CPU
		{5A186E53-F8EB-408D-BC75-601BBF6CD97B}.Ad-Hoc|iPhoneSimulator.ActiveCfg = Debug|Any CPU
		{5A186E53-F8EB-408D-BC75-601BBF6CD97B}.Ad-Hoc|iPhoneSimulator.Build.0 = Debug|Any CPU
		{5A186E53-F8EB-408D-BC75-601BBF6CD97B}.Ad-Hoc|x64.ActiveCfg = Debug|Any CPU
		{5A186E53-F8EB-408D-BC75-601BBF6CD97B}.Ad-Hoc|x64.Build.0 = Debug|Any CPU
		{5A186E53-F8EB-408D-BC75-601BBF6CD97B}.Ad-Hoc|x86.ActiveCfg = Debug|Any CPU
		{5A186E53-F8EB-408D-BC75-601BBF6CD97B}.Ad-Hoc|x86.Build.0 = Debug|Any CPU
		{5A186E53-F8EB-408D-BC75-601BBF6CD97B}.AppStore|Any CPU.ActiveCfg = Debug|Any CPU
		{5A186E53-F8EB-408D-BC75-601BBF6CD97B}.AppStore|Any CPU.Build.0 = Debug|Any CPU
		{5A186E53-F8EB-408D-BC75-601BBF6CD97B}.AppStore|ARM.ActiveCfg = Debug|Any CPU
		{5A186E53-F8EB-408D-BC75-601BBF6CD97B}.AppStore|ARM.Build.0 = Debug|Any CPU
		{5A186E53-F8EB-408D-BC75-601BBF6CD97B}.AppStore|ARM64.ActiveCfg = Debug|Any CPU
		{5A186E53-F8EB-408D-BC75-601BBF6CD97B}.AppStore|ARM64.Build.0 = Debug|Any CPU
		{5A186E53-F8EB-408D-BC75-601BBF6CD97B}.AppStore|iPhone.ActiveCfg = Debug|Any CPU
		{5A186E53-F8EB-408D-BC75-601BBF6CD97B}.AppStore|iPhone.Build.0 = Debug|Any CPU
		{5A186E53-F8EB-408D-BC75-601BBF6CD97B}.AppStore|iPhoneSimulator.ActiveCfg = Debug|Any CPU
		{5A186E53-F8EB-408D-BC75-601BBF6CD97B}.AppStore|iPhoneSimulator.Build.0 = Debug|Any CPU
		{5A186E53-F8EB-408D-BC75-601BBF6CD97B}.AppStore|x64.ActiveCfg = Debug|Any CPU
		{5A186E53-F8EB-408D-BC75-601BBF6CD97B}.AppStore|x64.Build.0 = Debug|Any CPU
		{5A186E53-F8EB-408D-BC75-601BBF6CD97B}.AppStore|x86.ActiveCfg = Debug|Any CPU
		{5A186E53-F8EB-408D-BC75-601BBF6CD97B}.AppStore|x86.Build.0 = Debug|Any CPU
		{5A186E53-F8EB-408D-BC75-601BBF6CD97B}.Debug|Any CPU.ActiveCfg = Debug|Any CPU
		{5A186E53-F8EB-408D-BC75-601BBF6CD97B}.Debug|Any CPU.Build.0 = Debug|Any CPU
		{5A186E53-F8EB-408D-BC75-601BBF6CD97B}.Debug|ARM.ActiveCfg = Debug|Any CPU
		{5A186E53-F8EB-408D-BC75-601BBF6CD97B}.Debug|ARM.Build.0 = Debug|Any CPU
		{5A186E53-F8EB-408D-BC75-601BBF6CD97B}.Debug|ARM64.ActiveCfg = Debug|Any CPU
		{5A186E53-F8EB-408D-BC75-601BBF6CD97B}.Debug|ARM64.Build.0 = Debug|Any CPU
		{5A186E53-F8EB-408D-BC75-601BBF6CD97B}.Debug|iPhone.ActiveCfg = Debug|Any CPU
		{5A186E53-F8EB-408D-BC75-601BBF6CD97B}.Debug|iPhone.Build.0 = Debug|Any CPU
		{5A186E53-F8EB-408D-BC75-601BBF6CD97B}.Debug|iPhoneSimulator.ActiveCfg = Debug|Any CPU
		{5A186E53-F8EB-408D-BC75-601BBF6CD97B}.Debug|iPhoneSimulator.Build.0 = Debug|Any CPU
		{5A186E53-F8EB-408D-BC75-601BBF6CD97B}.Debug|x64.ActiveCfg = Debug|Any CPU
		{5A186E53-F8EB-408D-BC75-601BBF6CD97B}.Debug|x64.Build.0 = Debug|Any CPU
		{5A186E53-F8EB-408D-BC75-601BBF6CD97B}.Debug|x86.ActiveCfg = Debug|Any CPU
		{5A186E53-F8EB-408D-BC75-601BBF6CD97B}.Debug|x86.Build.0 = Debug|Any CPU
		{5A186E53-F8EB-408D-BC75-601BBF6CD97B}.Release|Any CPU.ActiveCfg = Release|Any CPU
		{5A186E53-F8EB-408D-BC75-601BBF6CD97B}.Release|Any CPU.Build.0 = Release|Any CPU
		{5A186E53-F8EB-408D-BC75-601BBF6CD97B}.Release|ARM.ActiveCfg = Release|Any CPU
		{5A186E53-F8EB-408D-BC75-601BBF6CD97B}.Release|ARM.Build.0 = Release|Any CPU
		{5A186E53-F8EB-408D-BC75-601BBF6CD97B}.Release|ARM64.ActiveCfg = Release|Any CPU
		{5A186E53-F8EB-408D-BC75-601BBF6CD97B}.Release|ARM64.Build.0 = Release|Any CPU
		{5A186E53-F8EB-408D-BC75-601BBF6CD97B}.Release|iPhone.ActiveCfg = Release|Any CPU
		{5A186E53-F8EB-408D-BC75-601BBF6CD97B}.Release|iPhone.Build.0 = Release|Any CPU
		{5A186E53-F8EB-408D-BC75-601BBF6CD97B}.Release|iPhoneSimulator.ActiveCfg = Release|Any CPU
		{5A186E53-F8EB-408D-BC75-601BBF6CD97B}.Release|iPhoneSimulator.Build.0 = Release|Any CPU
		{5A186E53-F8EB-408D-BC75-601BBF6CD97B}.Release|x64.ActiveCfg = Release|Any CPU
		{5A186E53-F8EB-408D-BC75-601BBF6CD97B}.Release|x64.Build.0 = Release|Any CPU
		{5A186E53-F8EB-408D-BC75-601BBF6CD97B}.Release|x86.ActiveCfg = Release|Any CPU
		{5A186E53-F8EB-408D-BC75-601BBF6CD97B}.Release|x86.Build.0 = Release|Any CPU
		{521C4778-E4B9-45D4-9177-90898546396F}.Ad-Hoc|Any CPU.ActiveCfg = Debug|Any CPU
		{521C4778-E4B9-45D4-9177-90898546396F}.Ad-Hoc|Any CPU.Build.0 = Debug|Any CPU
		{521C4778-E4B9-45D4-9177-90898546396F}.Ad-Hoc|ARM.ActiveCfg = Debug|Any CPU
		{521C4778-E4B9-45D4-9177-90898546396F}.Ad-Hoc|ARM.Build.0 = Debug|Any CPU
		{521C4778-E4B9-45D4-9177-90898546396F}.Ad-Hoc|ARM64.ActiveCfg = Debug|Any CPU
		{521C4778-E4B9-45D4-9177-90898546396F}.Ad-Hoc|ARM64.Build.0 = Debug|Any CPU
		{521C4778-E4B9-45D4-9177-90898546396F}.Ad-Hoc|iPhone.ActiveCfg = Debug|Any CPU
		{521C4778-E4B9-45D4-9177-90898546396F}.Ad-Hoc|iPhone.Build.0 = Debug|Any CPU
		{521C4778-E4B9-45D4-9177-90898546396F}.Ad-Hoc|iPhoneSimulator.ActiveCfg = Debug|Any CPU
		{521C4778-E4B9-45D4-9177-90898546396F}.Ad-Hoc|iPhoneSimulator.Build.0 = Debug|Any CPU
		{521C4778-E4B9-45D4-9177-90898546396F}.Ad-Hoc|x64.ActiveCfg = Debug|Any CPU
		{521C4778-E4B9-45D4-9177-90898546396F}.Ad-Hoc|x64.Build.0 = Debug|Any CPU
		{521C4778-E4B9-45D4-9177-90898546396F}.Ad-Hoc|x86.ActiveCfg = Debug|Any CPU
		{521C4778-E4B9-45D4-9177-90898546396F}.Ad-Hoc|x86.Build.0 = Debug|Any CPU
		{521C4778-E4B9-45D4-9177-90898546396F}.AppStore|Any CPU.ActiveCfg = Debug|Any CPU
		{521C4778-E4B9-45D4-9177-90898546396F}.AppStore|Any CPU.Build.0 = Debug|Any CPU
		{521C4778-E4B9-45D4-9177-90898546396F}.AppStore|ARM.ActiveCfg = Debug|Any CPU
		{521C4778-E4B9-45D4-9177-90898546396F}.AppStore|ARM.Build.0 = Debug|Any CPU
		{521C4778-E4B9-45D4-9177-90898546396F}.AppStore|ARM64.ActiveCfg = Debug|Any CPU
		{521C4778-E4B9-45D4-9177-90898546396F}.AppStore|ARM64.Build.0 = Debug|Any CPU
		{521C4778-E4B9-45D4-9177-90898546396F}.AppStore|iPhone.ActiveCfg = Debug|Any CPU
		{521C4778-E4B9-45D4-9177-90898546396F}.AppStore|iPhone.Build.0 = Debug|Any CPU
		{521C4778-E4B9-45D4-9177-90898546396F}.AppStore|iPhoneSimulator.ActiveCfg = Debug|Any CPU
		{521C4778-E4B9-45D4-9177-90898546396F}.AppStore|iPhoneSimulator.Build.0 = Debug|Any CPU
		{521C4778-E4B9-45D4-9177-90898546396F}.AppStore|x64.ActiveCfg = Debug|Any CPU
		{521C4778-E4B9-45D4-9177-90898546396F}.AppStore|x64.Build.0 = Debug|Any CPU
		{521C4778-E4B9-45D4-9177-90898546396F}.AppStore|x86.ActiveCfg = Debug|Any CPU
		{521C4778-E4B9-45D4-9177-90898546396F}.AppStore|x86.Build.0 = Debug|Any CPU
		{521C4778-E4B9-45D4-9177-90898546396F}.Debug|Any CPU.ActiveCfg = Debug|Any CPU
		{521C4778-E4B9-45D4-9177-90898546396F}.Debug|Any CPU.Build.0 = Debug|Any CPU
		{521C4778-E4B9-45D4-9177-90898546396F}.Debug|ARM.ActiveCfg = Debug|Any CPU
		{521C4778-E4B9-45D4-9177-90898546396F}.Debug|ARM.Build.0 = Debug|Any CPU
		{521C4778-E4B9-45D4-9177-90898546396F}.Debug|ARM64.ActiveCfg = Debug|Any CPU
		{521C4778-E4B9-45D4-9177-90898546396F}.Debug|ARM64.Build.0 = Debug|Any CPU
		{521C4778-E4B9-45D4-9177-90898546396F}.Debug|iPhone.ActiveCfg = Debug|Any CPU
		{521C4778-E4B9-45D4-9177-90898546396F}.Debug|iPhone.Build.0 = Debug|Any CPU
		{521C4778-E4B9-45D4-9177-90898546396F}.Debug|iPhoneSimulator.ActiveCfg = Debug|Any CPU
		{521C4778-E4B9-45D4-9177-90898546396F}.Debug|iPhoneSimulator.Build.0 = Debug|Any CPU
		{521C4778-E4B9-45D4-9177-90898546396F}.Debug|x64.ActiveCfg = Debug|Any CPU
		{521C4778-E4B9-45D4-9177-90898546396F}.Debug|x64.Build.0 = Debug|Any CPU
		{521C4778-E4B9-45D4-9177-90898546396F}.Debug|x86.ActiveCfg = Debug|Any CPU
		{521C4778-E4B9-45D4-9177-90898546396F}.Debug|x86.Build.0 = Debug|Any CPU
		{521C4778-E4B9-45D4-9177-90898546396F}.Release|Any CPU.ActiveCfg = Release|Any CPU
		{521C4778-E4B9-45D4-9177-90898546396F}.Release|Any CPU.Build.0 = Release|Any CPU
		{521C4778-E4B9-45D4-9177-90898546396F}.Release|ARM.ActiveCfg = Release|Any CPU
		{521C4778-E4B9-45D4-9177-90898546396F}.Release|ARM.Build.0 = Release|Any CPU
		{521C4778-E4B9-45D4-9177-90898546396F}.Release|ARM64.ActiveCfg = Release|Any CPU
		{521C4778-E4B9-45D4-9177-90898546396F}.Release|ARM64.Build.0 = Release|Any CPU
		{521C4778-E4B9-45D4-9177-90898546396F}.Release|iPhone.ActiveCfg = Release|Any CPU
		{521C4778-E4B9-45D4-9177-90898546396F}.Release|iPhone.Build.0 = Release|Any CPU
		{521C4778-E4B9-45D4-9177-90898546396F}.Release|iPhoneSimulator.ActiveCfg = Release|Any CPU
		{521C4778-E4B9-45D4-9177-90898546396F}.Release|iPhoneSimulator.Build.0 = Release|Any CPU
		{521C4778-E4B9-45D4-9177-90898546396F}.Release|x64.ActiveCfg = Release|Any CPU
		{521C4778-E4B9-45D4-9177-90898546396F}.Release|x64.Build.0 = Release|Any CPU
		{521C4778-E4B9-45D4-9177-90898546396F}.Release|x86.ActiveCfg = Release|Any CPU
		{521C4778-E4B9-45D4-9177-90898546396F}.Release|x86.Build.0 = Release|Any CPU
		{1A3624AA-3604-49E8-BC7C-9AD27321FDC2}.Ad-Hoc|Any CPU.ActiveCfg = Debug|Any CPU
		{1A3624AA-3604-49E8-BC7C-9AD27321FDC2}.Ad-Hoc|Any CPU.Build.0 = Debug|Any CPU
		{1A3624AA-3604-49E8-BC7C-9AD27321FDC2}.Ad-Hoc|ARM.ActiveCfg = Debug|Any CPU
		{1A3624AA-3604-49E8-BC7C-9AD27321FDC2}.Ad-Hoc|ARM.Build.0 = Debug|Any CPU
		{1A3624AA-3604-49E8-BC7C-9AD27321FDC2}.Ad-Hoc|ARM64.ActiveCfg = Debug|Any CPU
		{1A3624AA-3604-49E8-BC7C-9AD27321FDC2}.Ad-Hoc|ARM64.Build.0 = Debug|Any CPU
		{1A3624AA-3604-49E8-BC7C-9AD27321FDC2}.Ad-Hoc|iPhone.ActiveCfg = Debug|Any CPU
		{1A3624AA-3604-49E8-BC7C-9AD27321FDC2}.Ad-Hoc|iPhone.Build.0 = Debug|Any CPU
		{1A3624AA-3604-49E8-BC7C-9AD27321FDC2}.Ad-Hoc|iPhoneSimulator.ActiveCfg = Debug|Any CPU
		{1A3624AA-3604-49E8-BC7C-9AD27321FDC2}.Ad-Hoc|iPhoneSimulator.Build.0 = Debug|Any CPU
		{1A3624AA-3604-49E8-BC7C-9AD27321FDC2}.Ad-Hoc|x64.ActiveCfg = Debug|Any CPU
		{1A3624AA-3604-49E8-BC7C-9AD27321FDC2}.Ad-Hoc|x64.Build.0 = Debug|Any CPU
		{1A3624AA-3604-49E8-BC7C-9AD27321FDC2}.Ad-Hoc|x86.ActiveCfg = Debug|Any CPU
		{1A3624AA-3604-49E8-BC7C-9AD27321FDC2}.Ad-Hoc|x86.Build.0 = Debug|Any CPU
		{1A3624AA-3604-49E8-BC7C-9AD27321FDC2}.AppStore|Any CPU.ActiveCfg = Debug|Any CPU
		{1A3624AA-3604-49E8-BC7C-9AD27321FDC2}.AppStore|Any CPU.Build.0 = Debug|Any CPU
		{1A3624AA-3604-49E8-BC7C-9AD27321FDC2}.AppStore|ARM.ActiveCfg = Debug|Any CPU
		{1A3624AA-3604-49E8-BC7C-9AD27321FDC2}.AppStore|ARM.Build.0 = Debug|Any CPU
		{1A3624AA-3604-49E8-BC7C-9AD27321FDC2}.AppStore|ARM64.ActiveCfg = Debug|Any CPU
		{1A3624AA-3604-49E8-BC7C-9AD27321FDC2}.AppStore|ARM64.Build.0 = Debug|Any CPU
		{1A3624AA-3604-49E8-BC7C-9AD27321FDC2}.AppStore|iPhone.ActiveCfg = Debug|Any CPU
		{1A3624AA-3604-49E8-BC7C-9AD27321FDC2}.AppStore|iPhone.Build.0 = Debug|Any CPU
		{1A3624AA-3604-49E8-BC7C-9AD27321FDC2}.AppStore|iPhoneSimulator.ActiveCfg = Debug|Any CPU
		{1A3624AA-3604-49E8-BC7C-9AD27321FDC2}.AppStore|iPhoneSimulator.Build.0 = Debug|Any CPU
		{1A3624AA-3604-49E8-BC7C-9AD27321FDC2}.AppStore|x64.ActiveCfg = Debug|Any CPU
		{1A3624AA-3604-49E8-BC7C-9AD27321FDC2}.AppStore|x64.Build.0 = Debug|Any CPU
		{1A3624AA-3604-49E8-BC7C-9AD27321FDC2}.AppStore|x86.ActiveCfg = Debug|Any CPU
		{1A3624AA-3604-49E8-BC7C-9AD27321FDC2}.AppStore|x86.Build.0 = Debug|Any CPU
		{1A3624AA-3604-49E8-BC7C-9AD27321FDC2}.Debug|Any CPU.ActiveCfg = Debug|Any CPU
		{1A3624AA-3604-49E8-BC7C-9AD27321FDC2}.Debug|Any CPU.Build.0 = Debug|Any CPU
		{1A3624AA-3604-49E8-BC7C-9AD27321FDC2}.Debug|ARM.ActiveCfg = Debug|Any CPU
		{1A3624AA-3604-49E8-BC7C-9AD27321FDC2}.Debug|ARM.Build.0 = Debug|Any CPU
		{1A3624AA-3604-49E8-BC7C-9AD27321FDC2}.Debug|ARM64.ActiveCfg = Debug|Any CPU
		{1A3624AA-3604-49E8-BC7C-9AD27321FDC2}.Debug|ARM64.Build.0 = Debug|Any CPU
		{1A3624AA-3604-49E8-BC7C-9AD27321FDC2}.Debug|iPhone.ActiveCfg = Debug|Any CPU
		{1A3624AA-3604-49E8-BC7C-9AD27321FDC2}.Debug|iPhone.Build.0 = Debug|Any CPU
		{1A3624AA-3604-49E8-BC7C-9AD27321FDC2}.Debug|iPhoneSimulator.ActiveCfg = Debug|Any CPU
		{1A3624AA-3604-49E8-BC7C-9AD27321FDC2}.Debug|iPhoneSimulator.Build.0 = Debug|Any CPU
		{1A3624AA-3604-49E8-BC7C-9AD27321FDC2}.Debug|x64.ActiveCfg = Debug|Any CPU
		{1A3624AA-3604-49E8-BC7C-9AD27321FDC2}.Debug|x64.Build.0 = Debug|Any CPU
		{1A3624AA-3604-49E8-BC7C-9AD27321FDC2}.Debug|x86.ActiveCfg = Debug|Any CPU
		{1A3624AA-3604-49E8-BC7C-9AD27321FDC2}.Debug|x86.Build.0 = Debug|Any CPU
		{1A3624AA-3604-49E8-BC7C-9AD27321FDC2}.Release|Any CPU.ActiveCfg = Release|Any CPU
		{1A3624AA-3604-49E8-BC7C-9AD27321FDC2}.Release|Any CPU.Build.0 = Release|Any CPU
		{1A3624AA-3604-49E8-BC7C-9AD27321FDC2}.Release|ARM.ActiveCfg = Release|Any CPU
		{1A3624AA-3604-49E8-BC7C-9AD27321FDC2}.Release|ARM.Build.0 = Release|Any CPU
		{1A3624AA-3604-49E8-BC7C-9AD27321FDC2}.Release|ARM64.ActiveCfg = Release|Any CPU
		{1A3624AA-3604-49E8-BC7C-9AD27321FDC2}.Release|ARM64.Build.0 = Release|Any CPU
		{1A3624AA-3604-49E8-BC7C-9AD27321FDC2}.Release|iPhone.ActiveCfg = Release|Any CPU
		{1A3624AA-3604-49E8-BC7C-9AD27321FDC2}.Release|iPhone.Build.0 = Release|Any CPU
		{1A3624AA-3604-49E8-BC7C-9AD27321FDC2}.Release|iPhoneSimulator.ActiveCfg = Release|Any CPU
		{1A3624AA-3604-49E8-BC7C-9AD27321FDC2}.Release|iPhoneSimulator.Build.0 = Release|Any CPU
		{1A3624AA-3604-49E8-BC7C-9AD27321FDC2}.Release|x64.ActiveCfg = Release|Any CPU
		{1A3624AA-3604-49E8-BC7C-9AD27321FDC2}.Release|x64.Build.0 = Release|Any CPU
		{1A3624AA-3604-49E8-BC7C-9AD27321FDC2}.Release|x86.ActiveCfg = Release|Any CPU
		{1A3624AA-3604-49E8-BC7C-9AD27321FDC2}.Release|x86.Build.0 = Release|Any CPU
		{74EAAFE9-8B9C-4665-A901-A0A56D9D6E3A}.Ad-Hoc|Any CPU.ActiveCfg = Debug|Any CPU
		{74EAAFE9-8B9C-4665-A901-A0A56D9D6E3A}.Ad-Hoc|Any CPU.Build.0 = Debug|Any CPU
		{74EAAFE9-8B9C-4665-A901-A0A56D9D6E3A}.Ad-Hoc|ARM.ActiveCfg = Debug|Any CPU
		{74EAAFE9-8B9C-4665-A901-A0A56D9D6E3A}.Ad-Hoc|ARM.Build.0 = Debug|Any CPU
		{74EAAFE9-8B9C-4665-A901-A0A56D9D6E3A}.Ad-Hoc|ARM64.ActiveCfg = Debug|Any CPU
		{74EAAFE9-8B9C-4665-A901-A0A56D9D6E3A}.Ad-Hoc|ARM64.Build.0 = Debug|Any CPU
		{74EAAFE9-8B9C-4665-A901-A0A56D9D6E3A}.Ad-Hoc|iPhone.ActiveCfg = Debug|Any CPU
		{74EAAFE9-8B9C-4665-A901-A0A56D9D6E3A}.Ad-Hoc|iPhone.Build.0 = Debug|Any CPU
		{74EAAFE9-8B9C-4665-A901-A0A56D9D6E3A}.Ad-Hoc|iPhoneSimulator.ActiveCfg = Debug|Any CPU
		{74EAAFE9-8B9C-4665-A901-A0A56D9D6E3A}.Ad-Hoc|iPhoneSimulator.Build.0 = Debug|Any CPU
		{74EAAFE9-8B9C-4665-A901-A0A56D9D6E3A}.Ad-Hoc|x64.ActiveCfg = Debug|Any CPU
		{74EAAFE9-8B9C-4665-A901-A0A56D9D6E3A}.Ad-Hoc|x64.Build.0 = Debug|Any CPU
		{74EAAFE9-8B9C-4665-A901-A0A56D9D6E3A}.Ad-Hoc|x86.ActiveCfg = Debug|Any CPU
		{74EAAFE9-8B9C-4665-A901-A0A56D9D6E3A}.Ad-Hoc|x86.Build.0 = Debug|Any CPU
		{74EAAFE9-8B9C-4665-A901-A0A56D9D6E3A}.AppStore|Any CPU.ActiveCfg = Debug|Any CPU
		{74EAAFE9-8B9C-4665-A901-A0A56D9D6E3A}.AppStore|Any CPU.Build.0 = Debug|Any CPU
		{74EAAFE9-8B9C-4665-A901-A0A56D9D6E3A}.AppStore|ARM.ActiveCfg = Debug|Any CPU
		{74EAAFE9-8B9C-4665-A901-A0A56D9D6E3A}.AppStore|ARM.Build.0 = Debug|Any CPU
		{74EAAFE9-8B9C-4665-A901-A0A56D9D6E3A}.AppStore|ARM64.ActiveCfg = Debug|Any CPU
		{74EAAFE9-8B9C-4665-A901-A0A56D9D6E3A}.AppStore|ARM64.Build.0 = Debug|Any CPU
		{74EAAFE9-8B9C-4665-A901-A0A56D9D6E3A}.AppStore|iPhone.ActiveCfg = Debug|Any CPU
		{74EAAFE9-8B9C-4665-A901-A0A56D9D6E3A}.AppStore|iPhone.Build.0 = Debug|Any CPU
		{74EAAFE9-8B9C-4665-A901-A0A56D9D6E3A}.AppStore|iPhoneSimulator.ActiveCfg = Debug|Any CPU
		{74EAAFE9-8B9C-4665-A901-A0A56D9D6E3A}.AppStore|iPhoneSimulator.Build.0 = Debug|Any CPU
		{74EAAFE9-8B9C-4665-A901-A0A56D9D6E3A}.AppStore|x64.ActiveCfg = Debug|Any CPU
		{74EAAFE9-8B9C-4665-A901-A0A56D9D6E3A}.AppStore|x64.Build.0 = Debug|Any CPU
		{74EAAFE9-8B9C-4665-A901-A0A56D9D6E3A}.AppStore|x86.ActiveCfg = Debug|Any CPU
		{74EAAFE9-8B9C-4665-A901-A0A56D9D6E3A}.AppStore|x86.Build.0 = Debug|Any CPU
		{74EAAFE9-8B9C-4665-A901-A0A56D9D6E3A}.Debug|Any CPU.ActiveCfg = Debug|Any CPU
		{74EAAFE9-8B9C-4665-A901-A0A56D9D6E3A}.Debug|Any CPU.Build.0 = Debug|Any CPU
		{74EAAFE9-8B9C-4665-A901-A0A56D9D6E3A}.Debug|ARM.ActiveCfg = Debug|Any CPU
		{74EAAFE9-8B9C-4665-A901-A0A56D9D6E3A}.Debug|ARM.Build.0 = Debug|Any CPU
		{74EAAFE9-8B9C-4665-A901-A0A56D9D6E3A}.Debug|ARM64.ActiveCfg = Debug|Any CPU
		{74EAAFE9-8B9C-4665-A901-A0A56D9D6E3A}.Debug|ARM64.Build.0 = Debug|Any CPU
		{74EAAFE9-8B9C-4665-A901-A0A56D9D6E3A}.Debug|iPhone.ActiveCfg = Debug|Any CPU
		{74EAAFE9-8B9C-4665-A901-A0A56D9D6E3A}.Debug|iPhone.Build.0 = Debug|Any CPU
		{74EAAFE9-8B9C-4665-A901-A0A56D9D6E3A}.Debug|iPhoneSimulator.ActiveCfg = Debug|Any CPU
		{74EAAFE9-8B9C-4665-A901-A0A56D9D6E3A}.Debug|iPhoneSimulator.Build.0 = Debug|Any CPU
		{74EAAFE9-8B9C-4665-A901-A0A56D9D6E3A}.Debug|x64.ActiveCfg = Debug|Any CPU
		{74EAAFE9-8B9C-4665-A901-A0A56D9D6E3A}.Debug|x64.Build.0 = Debug|Any CPU
		{74EAAFE9-8B9C-4665-A901-A0A56D9D6E3A}.Debug|x86.ActiveCfg = Debug|Any CPU
		{74EAAFE9-8B9C-4665-A901-A0A56D9D6E3A}.Debug|x86.Build.0 = Debug|Any CPU
		{74EAAFE9-8B9C-4665-A901-A0A56D9D6E3A}.Release|Any CPU.ActiveCfg = Release|Any CPU
		{74EAAFE9-8B9C-4665-A901-A0A56D9D6E3A}.Release|Any CPU.Build.0 = Release|Any CPU
		{74EAAFE9-8B9C-4665-A901-A0A56D9D6E3A}.Release|ARM.ActiveCfg = Release|Any CPU
		{74EAAFE9-8B9C-4665-A901-A0A56D9D6E3A}.Release|ARM.Build.0 = Release|Any CPU
		{74EAAFE9-8B9C-4665-A901-A0A56D9D6E3A}.Release|ARM64.ActiveCfg = Release|Any CPU
		{74EAAFE9-8B9C-4665-A901-A0A56D9D6E3A}.Release|ARM64.Build.0 = Release|Any CPU
		{74EAAFE9-8B9C-4665-A901-A0A56D9D6E3A}.Release|iPhone.ActiveCfg = Release|Any CPU
		{74EAAFE9-8B9C-4665-A901-A0A56D9D6E3A}.Release|iPhone.Build.0 = Release|Any CPU
		{74EAAFE9-8B9C-4665-A901-A0A56D9D6E3A}.Release|iPhoneSimulator.ActiveCfg = Release|Any CPU
		{74EAAFE9-8B9C-4665-A901-A0A56D9D6E3A}.Release|iPhoneSimulator.Build.0 = Release|Any CPU
		{74EAAFE9-8B9C-4665-A901-A0A56D9D6E3A}.Release|x64.ActiveCfg = Release|Any CPU
		{74EAAFE9-8B9C-4665-A901-A0A56D9D6E3A}.Release|x64.Build.0 = Release|Any CPU
		{74EAAFE9-8B9C-4665-A901-A0A56D9D6E3A}.Release|x86.ActiveCfg = Release|Any CPU
		{74EAAFE9-8B9C-4665-A901-A0A56D9D6E3A}.Release|x86.Build.0 = Release|Any CPU
	EndGlobalSection
	GlobalSection(SolutionProperties) = preSolution
		HideSolutionNode = FALSE
	EndGlobalSection
	GlobalSection(NestedProjects) = preSolution
		{3E9396D7-1316-42B3-9FF5-10E6B15459E7} = {85A2F946-5DD5-4A50-A7DB-0C4E3F493342}
		{27BABAD2-B25E-4462-91ED-D9F108DE2E06} = {85A2F946-5DD5-4A50-A7DB-0C4E3F493342}
		{117204F9-EE13-4B63-8D00-FAEA78A10D3F} = {85A2F946-5DD5-4A50-A7DB-0C4E3F493342}
		{CBD736F9-3E64-4146-B1A4-6B43F7798307} = {85A2F946-5DD5-4A50-A7DB-0C4E3F493342}
		{F20316CA-E5BA-4783-B788-77C0D3B57848} = {85A2F946-5DD5-4A50-A7DB-0C4E3F493342}
		{5A186E53-F8EB-408D-BC75-601BBF6CD97B} = {85A2F946-5DD5-4A50-A7DB-0C4E3F493342}
		{521C4778-E4B9-45D4-9177-90898546396F} = {85A2F946-5DD5-4A50-A7DB-0C4E3F493342}
		{1A3624AA-3604-49E8-BC7C-9AD27321FDC2} = {85A2F946-5DD5-4A50-A7DB-0C4E3F493342}
		{74EAAFE9-8B9C-4665-A901-A0A56D9D6E3A} = {85A2F946-5DD5-4A50-A7DB-0C4E3F493342}
	EndGlobalSection
	GlobalSection(ExtensibilityGlobals) = postSolution
		SolutionGuid = {E0FEC5DE-FE1F-4CD0-9B97-4A39FABE1B8F}
	EndGlobalSection
EndGlobal
